// !$*UTF8*$!
{
	archiveVersion = 1;
	classes = {
	};
	objectVersion = 46;
	objects = {

/* Begin PBXBuildFile section */
		218415FA1CD8B1CA00C6B3EB /* SyncUIWebView.h in Headers */ = {isa = PBXBuildFile; fileRef = 218415F91CD8B1CA00C6B3EB /* SyncUIWebView.h */; settings = {ATTRIBUTES = (Public, ); }; };
		218416021CD8B21900C6B3EB /* SyncUIWebView.m in Sources */ = {isa = PBXBuildFile; fileRef = 218416011CD8B21900C6B3EB /* SyncUIWebView.m */; };
/* End PBXBuildFile section */

/* Begin PBXFileReference section */
		218415F61CD8B1CA00C6B3EB /* SyncUIWebView.framework */ = {isa = PBXFileReference; explicitFileType = wrapper.framework; includeInIndex = 0; path = SyncUIWebView.framework; sourceTree = BUILT_PRODUCTS_DIR; };
		218415F91CD8B1CA00C6B3EB /* SyncUIWebView.h */ = {isa = PBXFileReference; lastKnownFileType = sourcecode.c.h; path = SyncUIWebView.h; sourceTree = "<group>"; };
		218415FB1CD8B1CA00C6B3EB /* Info.plist */ = {isa = PBXFileReference; lastKnownFileType = text.plist.xml; path = Info.plist; sourceTree = "<group>"; };
		218416011CD8B21900C6B3EB /* SyncUIWebView.m */ = {isa = PBXFileReference; fileEncoding = 4; lastKnownFileType = sourcecode.c.objc; path = SyncUIWebView.m; sourceTree = "<group>"; };
/* End PBXFileReference section */

/* Begin PBXFrameworksBuildPhase section */
		218415F21CD8B1CA00C6B3EB /* Frameworks */ = {
			isa = PBXFrameworksBuildPhase;
			buildActionMask = 2147483647;
			files = (
			);
			runOnlyForDeploymentPostprocessing = 0;
		};
/* End PBXFrameworksBuildPhase section */

/* Begin PBXGroup section */
		218415EC1CD8B1CA00C6B3EB = {
			isa = PBXGroup;
			children = (
				218415F81CD8B1CA00C6B3EB /* SyncUIWebView */,
				218415F71CD8B1CA00C6B3EB /* Products */,
			);
			sourceTree = "<group>";
		};
		218415F71CD8B1CA00C6B3EB /* Products */ = {
			isa = PBXGroup;
			children = (
				218415F61CD8B1CA00C6B3EB /* SyncUIWebView.framework */,
			);
			name = Products;
			sourceTree = "<group>";
		};
		218415F81CD8B1CA00C6B3EB /* SyncUIWebView */ = {
			isa = PBXGroup;
			children = (
				218415F91CD8B1CA00C6B3EB /* SyncUIWebView.h */,
				218416011CD8B21900C6B3EB /* SyncUIWebView.m */,
				218415FB1CD8B1CA00C6B3EB /* Info.plist */,
			);
			path = SyncUIWebView;
			sourceTree = "<group>";
		};
/* End PBXGroup section */

/* Begin PBXHeadersBuildPhase section */
		218415F31CD8B1CA00C6B3EB /* Headers */ = {
			isa = PBXHeadersBuildPhase;
			buildActionMask = 2147483647;
			files = (
				218415FA1CD8B1CA00C6B3EB /* SyncUIWebView.h in Headers */,
			);
			runOnlyForDeploymentPostprocessing = 0;
		};
/* End PBXHeadersBuildPhase section */

/* Begin PBXNativeTarget section */
		218415F51CD8B1CA00C6B3EB /* SyncUIWebView */ = {
			isa = PBXNativeTarget;
			buildConfigurationList = 218415FE1CD8B1CA00C6B3EB /* Build configuration list for PBXNativeTarget "SyncUIWebView" */;
			buildPhases = (
				218415F11CD8B1CA00C6B3EB /* Sources */,
				218415F21CD8B1CA00C6B3EB /* Frameworks */,
				218415F31CD8B1CA00C6B3EB /* Headers */,
				218415F41CD8B1CA00C6B3EB /* Resources */,
			);
			buildRules = (
			);
			dependencies = (
			);
			name = SyncUIWebView;
			productName = SyncUIWebView;
			productReference = 218415F61CD8B1CA00C6B3EB /* SyncUIWebView.framework */;
			productType = "com.apple.product-type.framework";
		};
/* End PBXNativeTarget section */

/* Begin PBXProject section */
		218415ED1CD8B1CA00C6B3EB /* Project object */ = {
			isa = PBXProject;
			attributes = {
				LastUpgradeCheck = 0730;
				ORGANIZATIONNAME = "Zetes Austria";
				TargetAttributes = {
					218415F51CD8B1CA00C6B3EB = {
						CreatedOnToolsVersion = 7.3;
					};
				};
			};
			buildConfigurationList = 218415F01CD8B1CA00C6B3EB /* Build configuration list for PBXProject "SyncUIWebView" */;
			compatibilityVersion = "Xcode 3.2";
			developmentRegion = English;
			hasScannedForEncodings = 0;
			knownRegions = (
				en,
			);
			mainGroup = 218415EC1CD8B1CA00C6B3EB;
			productRefGroup = 218415F71CD8B1CA00C6B3EB /* Products */;
			projectDirPath = "";
			projectRoot = "";
			targets = (
				218415F51CD8B1CA00C6B3EB /* SyncUIWebView */,
			);
		};
/* End PBXProject section */

/* Begin PBXResourcesBuildPhase section */
		218415F41CD8B1CA00C6B3EB /* Resources */ = {
			isa = PBXResourcesBuildPhase;
			buildActionMask = 2147483647;
			files = (
			);
			runOnlyForDeploymentPostprocessing = 0;
		};
/* End PBXResourcesBuildPhase section */

/* Begin PBXSourcesBuildPhase section */
		218415F11CD8B1CA00C6B3EB /* Sources */ = {
			isa = PBXSourcesBuildPhase;
			buildActionMask = 2147483647;
			files = (
				218416021CD8B21900C6B3EB /* SyncUIWebView.m in Sources */,
			);
			runOnlyForDeploymentPostprocessing = 0;
		};
/* End PBXSourcesBuildPhase section */

/* Begin XCBuildConfiguration section */
		218415FC1CD8B1CA00C6B3EB /* Debug */ = {
			isa = XCBuildConfiguration;
			buildSettings = {
				ALWAYS_SEARCH_USER_PATHS = NO;
				CLANG_ANALYZER_NONNULL = YES;
				CLANG_CXX_LANGUAGE_STANDARD = "gnu++0x";
				CLANG_CXX_LIBRARY = "libc++";
				CLANG_ENABLE_MODULES = YES;
				CLANG_ENABLE_OBJC_ARC = YES;
				CLANG_WARN_BOOL_CONVERSION = YES;
				CLANG_WARN_CONSTANT_CONVERSION = YES;
				CLANG_WARN_DIRECT_OBJC_ISA_USAGE = YES_ERROR;
				CLANG_WARN_EMPTY_BODY = YES;
				CLANG_WARN_ENUM_CONVERSION = YES;
				CLANG_WARN_INT_CONVERSION = YES;
				CLANG_WARN_OBJC_ROOT_CLASS = YES_ERROR;
				CLANG_WARN_UNREACHABLE_CODE = YES;
				CLANG_WARN__DUPLICATE_METHOD_MATCH = YES;
				"CODE_SIGN_IDENTITY[sdk=iphoneos*]" = "iPhone Developer";
				COPY_PHASE_STRIP = NO;
				CURRENT_PROJECT_VERSION = 1;
				DEBUG_INFORMATION_FORMAT = dwarf;
				ENABLE_STRICT_OBJC_MSGSEND = YES;
				ENABLE_TESTABILITY = YES;
				GCC_C_LANGUAGE_STANDARD = gnu99;
				GCC_DYNAMIC_NO_PIC = NO;
				GCC_NO_COMMON_BLOCKS = YES;
				GCC_OPTIMIZATION_LEVEL = 0;
				GCC_PREPROCESSOR_DEFINITIONS = (
					"DEBUG=1",
					"$(inherited)",
				);
				GCC_WARN_64_TO_32_BIT_CONVERSION = YES;
				GCC_WARN_ABOUT_RETURN_TYPE = YES_ERROR;
				GCC_WARN_UNDECLARED_SELECTOR = YES;
				GCC_WARN_UNINITIALIZED_AUTOS = YES_AGGRESSIVE;
				GCC_WARN_UNUSED_FUNCTION = YES;
				GCC_WARN_UNUSED_VARIABLE = YES;
				IPHONEOS_DEPLOYMENT_TARGET = 9.3;
				MTL_ENABLE_DEBUG_INFO = YES;
				ONLY_ACTIVE_ARCH = YES;
				SDKROOT = iphoneos;
				TARGETED_DEVICE_FAMILY = "1,2";
				VERSIONING_SYSTEM = "apple-generic";
				VERSION_INFO_PREFIX = "";
			};
			name = Debug;
		};
		218415FD1CD8B1CA00C6B3EB /* Release */ = {
			isa = XCBuildConfiguration;
			buildSettings = {
				ALWAYS_SEARCH_USER_PATHS = NO;
				CLANG_ANALYZER_NONNULL = YES;
				CLANG_CXX_LANGUAGE_STANDARD = "gnu++0x";
				CLANG_CXX_LIBRARY = "libc++";
				CLANG_ENABLE_MODULES = YES;
				CLANG_ENABLE_OBJC_ARC = YES;
				CLANG_WARN_BOOL_CONVERSION = YES;
				CLANG_WARN_CONSTANT_CONVERSION = YES;
				CLANG_WARN_DIRECT_OBJC_ISA_USAGE = YES_ERROR;
				CLANG_WARN_EMPTY_BODY = YES;
				CLANG_WARN_ENUM_CONVERSION = YES;
				CLANG_WARN_INT_CONVERSION = YES;
				CLANG_WARN_OBJC_ROOT_CLASS = YES_ERROR;
				CLANG_WARN_UNREACHABLE_CODE = YES;
				CLANG_WARN__DUPLICATE_METHOD_MATCH = YES;
				"CODE_SIGN_IDENTITY[sdk=iphoneos*]" = "iPhone Developer";
				COPY_PHASE_STRIP = NO;
				CURRENT_PROJECT_VERSION = 1;
				DEBUG_INFORMATION_FORMAT = "dwarf-with-dsym";
				ENABLE_NS_ASSERTIONS = NO;
				ENABLE_STRICT_OBJC_MSGSEND = YES;
				GCC_C_LANGUAGE_STANDARD = gnu99;
				GCC_NO_COMMON_BLOCKS = YES;
				GCC_WARN_64_TO_32_BIT_CONVERSION = YES;
				GCC_WARN_ABOUT_RETURN_TYPE = YES_ERROR;
				GCC_WARN_UNDECLARED_SELECTOR = YES;
				GCC_WARN_UNINITIALIZED_AUTOS = YES_AGGRESSIVE;
				GCC_WARN_UNUSED_FUNCTION = YES;
				GCC_WARN_UNUSED_VARIABLE = YES;
				IPHONEOS_DEPLOYMENT_TARGET = 9.3;
				MTL_ENABLE_DEBUG_INFO = NO;
				SDKROOT = iphoneos;
				TARGETED_DEVICE_FAMILY = "1,2";
				VALIDATE_PRODUCT = YES;
				VERSIONING_SYSTEM = "apple-generic";
				VERSION_INFO_PREFIX = "";
			};
			name = Release;
		};
		218415FF1CD8B1CA00C6B3EB /* Debug */ = {
			isa = XCBuildConfiguration;
			buildSettings = {
				DEFINES_MODULE = YES;
				DYLIB_COMPATIBILITY_VERSION = 1;
				DYLIB_CURRENT_VERSION = 1;
				DYLIB_INSTALL_NAME_BASE = "@rpath";
				INFOPLIST_FILE = SyncUIWebView/Info.plist;
				INSTALL_PATH = "$(LOCAL_LIBRARY_DIR)/Frameworks";
				IPHONEOS_DEPLOYMENT_TARGET = 8.0;
				LD_RUNPATH_SEARCH_PATHS = "$(inherited) @executable_path/Frameworks @loader_path/Frameworks";
				PRODUCT_BUNDLE_IDENTIFIER = com.zetes.SyncUIWebView;
				PRODUCT_NAME = "$(TARGET_NAME)";
				SKIP_INSTALL = YES;
			};
			name = Debug;
		};
		218416001CD8B1CA00C6B3EB /* Release */ = {
			isa = XCBuildConfiguration;
			buildSettings = {
				DEFINES_MODULE = YES;
				DYLIB_COMPATIBILITY_VERSION = 1;
				DYLIB_CURRENT_VERSION = 1;
				DYLIB_INSTALL_NAME_BASE = "@rpath";
				INFOPLIST_FILE = SyncUIWebView/Info.plist;
				INSTALL_PATH = "$(LOCAL_LIBRARY_DIR)/Frameworks";
				IPHONEOS_DEPLOYMENT_TARGET = 8.0;
				LD_RUNPATH_SEARCH_PATHS = "$(inherited) @executable_path/Frameworks @loader_path/Frameworks";
				PRODUCT_BUNDLE_IDENTIFIER = com.zetes.SyncUIWebView;
				PRODUCT_NAME = "$(TARGET_NAME)";
				SKIP_INSTALL = YES;
			};
			name = Release;
		};
/* End XCBuildConfiguration section */

/* Begin XCConfigurationList section */
		218415F01CD8B1CA00C6B3EB /* Build configuration list for PBXProject "SyncUIWebView" */ = {
			isa = XCConfigurationList;
			buildConfigurations = (
				218415FC1CD8B1CA00C6B3EB /* Debug */,
				218415FD1CD8B1CA00C6B3EB /* Release */,
			);
			defaultConfigurationIsVisible = 0;
			defaultConfigurationName = Release;
		};
		218415FE1CD8B1CA00C6B3EB /* Build configuration list for PBXNativeTarget "SyncUIWebView" */ = {
			isa = XCConfigurationList;
			buildConfigurations = (
				218415FF1CD8B1CA00C6B3EB /* Debug */,
				218416001CD8B1CA00C6B3EB /* Release */,
			);
			defaultConfigurationIsVisible = 0;
		};
/* End XCConfigurationList section */
	};
	rootObject = 218415ED1CD8B1CA00C6B3EB /* Project object */;
}
